
Microsoft Visual Studio Solution File, Format Version 12.00
# Visual Studio Version 17
VisualStudioVersion = 17.9.34728.123
MinimumVisualStudioVersion = 10.0.40219.1
Project("{FAE04EC0-301F-11D3-BF4B-00C04F79EFBC}") = "SupermarketApplication", "SupermarketApplication\SupermarketApplication.csproj", "{F3527EC7-816B-42F5-9350-A0AAC21A40AB}"
EndProject
Global
	GlobalSection(SolutionConfigurationPlatforms) = preSolution
		Debug|Any CPU = Debug|Any CPU
		Release|Any CPU = Release|Any CPU
	EndGlobalSection
	GlobalSection(ProjectConfigurationPlatforms) = postSolution
		{F3527EC7-816B-42F5-9350-A0AAC21A40AB}.Debug|Any CPU.ActiveCfg = Debug|Any CPU
		{F3527EC7-816B-42F5-9350-A0AAC21A40AB}.Debug|Any CPU.Build.0 = Debug|Any CPU
		{F3527EC7-816B-42F5-9350-A0AAC21A40AB}.Release|Any CPU.ActiveCfg = Release|Any CPU
		{F3527EC7-816B-42F5-9350-A0AAC21A40AB}.Release|Any CPU.Build.0 = Release|Any CPU
	EndGlobalSection
	GlobalSection(SolutionProperties) = preSolution
		HideSolutionNode = FALSE
	EndGlobalSection
	GlobalSection(ExtensibilityGlobals) = postSolution
		SolutionGuid = {0EF778E7-3FD2-4F60-BF35-C1C974F55777}
	EndGlobalSection
EndGlobal
